
Microsoft Visual Studio Solution File, Format Version 12.00
# Visual Studio Version 16
VisualStudioVersion = 16.0.31112.23
MinimumVisualStudioVersion = 10.0.40219.1
Project("{FAE04EC0-301F-11D3-BF4B-00C04F79EFBC}") = "MovieCollection", "MovieCollection.csproj", "{60E4F083-924A-4685-B856-CB0B36B8EE73}"
EndProject
Global
	GlobalSection(SolutionConfigurationPlatforms) = preSolution
		Debug|Any CPU = Debug|Any CPU
		Release|Any CPU = Release|Any CPU
	EndGlobalSection
	GlobalSection(ProjectConfigurationPlatforms) = postSolution
		{60E4F083-924A-4685-B856-CB0B36B8EE73}.Debug|Any CPU.ActiveCfg = Debug|Any CPU
		{60E4F083-924A-4685-B856-CB0B36B8EE73}.Debug|Any CPU.Build.0 = Debug|Any CPU
		{60E4F083-924A-4685-B856-CB0B36B8EE73}.Release|Any CPU.ActiveCfg = Release|Any CPU
		{60E4F083-924A-4685-B856-CB0B36B8EE73}.Release|Any CPU.Build.0 = Release|Any CPU
	EndGlobalSection
	GlobalSection(SolutionProperties) = preSolution
		HideSolutionNode = FALSE
	EndGlobalSection
	GlobalSection(ExtensibilityGlobals) = postSolution
		SolutionGuid = {0CBF1C0E-C63E-4ECD-91D8-D9146DB4F9F4}
	EndGlobalSection
EndGlobal
